
Microsoft Visual Studio Solution File, Format Version 11.00
# Visual Studio 2010
Project("{FAE04EC0-301F-11D3-BF4B-00C04F79EFBC}") = "ExcelAddIn4", "ExcelAddIn4\ExcelAddIn4.csproj", "{B0387324-A1CD-443D-B800-9FB499410F07}"
EndProject
Project("{FAE04EC0-301F-11D3-BF4B-00C04F79EFBC}") = "ShellLib", "ShellLib\ShellLib.csproj", "{F695D479-142B-4EAD-AE99-171E8AB7180A}"
EndProject
Project("{54435603-DBB4-11D2-8724-00A0C9A8B90C}") = "Setup1", "Setup1\Setup1.vdproj", "{E059BFA6-22DE-46A9-8B53-E05AD208665F}"
EndProject
Project("{F184B08F-C81C-45F6-A57F-5ABD9991F28F}") = "PDFView", "PDFView\PDFView.vbproj", "{170D7D1B-61B9-4E8B-9CD3-88350725379F}"
EndProject
Project("{54435603-DBB4-11D2-8724-00A0C9A8B90C}") = "Setup5", "Setup5\Setup5.vdproj", "{7557CD80-FD57-4E91-8D38-A99CE17BC687}"
EndProject
Project("{54435603-DBB4-11D2-8724-00A0C9A8B90C}") = "Setup6", "Setup6\Setup6.vdproj", "{1DFD7B9B-4995-435E-B114-D095B41E6C05}"
EndProject
Project("{54435603-DBB4-11D2-8724-00A0C9A8B90C}") = "Setup7", "Setup7\Setup7.vdproj", "{7028E31A-BB19-42F0-B705-DF0C89A114F5}"
EndProject
Project("{54435603-DBB4-11D2-8724-00A0C9A8B90C}") = "Setup8", "Setup8\Setup8.vdproj", "{DC7D89C1-CBCF-43BF-ABDD-EBF0ACF57F10}"
EndProject
Project("{54435603-DBB4-11D2-8724-00A0C9A8B90C}") = "Setup9", "Setup9\Setup9.vdproj", "{83766C52-F5B2-4B41-8255-029F14167DC3}"
EndProject
Project("{54435603-DBB4-11D2-8724-00A0C9A8B90C}") = "Setup11", "Setup11\Setup11.vdproj", "{39782497-EE5D-41E9-BDBC-1C19DD68369D}"
EndProject
Project("{F184B08F-C81C-45F6-A57F-5ABD9991F28F}") = "lib", "lib\lib.vbproj", "{E4DB247F-D213-4CA3-84D3-89F858D88C4D}"
EndProject
Global
	GlobalSection(SolutionConfigurationPlatforms) = preSolution
		CD_ROM|Any CPU = CD_ROM|Any CPU
		CD_ROM|Mixed Platforms = CD_ROM|Mixed Platforms
		CD_ROM|Win32 = CD_ROM|Win32
		CD_ROM|x64 = CD_ROM|x64
		CD_ROM|x86 = CD_ROM|x86
		Debug|Any CPU = Debug|Any CPU
		Debug|Mixed Platforms = Debug|Mixed Platforms
		Debug|Win32 = Debug|Win32
		Debug|x64 = Debug|x64
		Debug|x86 = Debug|x86
		DVD-5|Any CPU = DVD-5|Any CPU
		DVD-5|Mixed Platforms = DVD-5|Mixed Platforms
		DVD-5|Win32 = DVD-5|Win32
		DVD-5|x64 = DVD-5|x64
		DVD-5|x86 = DVD-5|x86
		Release|Any CPU = Release|Any CPU
		Release|Mixed Platforms = Release|Mixed Platforms
		Release|Win32 = Release|Win32
		Release|x64 = Release|x64
		Release|x86 = Release|x86
		SingleImage|Any CPU = SingleImage|Any CPU
		SingleImage|Mixed Platforms = SingleImage|Mixed Platforms
		SingleImage|Win32 = SingleImage|Win32
		SingleImage|x64 = SingleImage|x64
		SingleImage|x86 = SingleImage|x86
	EndGlobalSection
	GlobalSection(ProjectConfigurationPlatforms) = postSolution
		{B0387324-A1CD-443D-B800-9FB499410F07}.CD_ROM|Any CPU.ActiveCfg = Release|Any CPU
		{B0387324-A1CD-443D-B800-9FB499410F07}.CD_ROM|Any CPU.Build.0 = Release|Any CPU
		{B0387324-A1CD-443D-B800-9FB499410F07}.CD_ROM|Mixed Platforms.ActiveCfg = Release|Any CPU
		{B0387324-A1CD-443D-B800-9FB499410F07}.CD_ROM|Mixed Platforms.Build.0 = Release|Any CPU
		{B0387324-A1CD-443D-B800-9FB499410F07}.CD_ROM|Win32.ActiveCfg = Release|Any CPU
		{B0387324-A1CD-443D-B800-9FB499410F07}.CD_ROM|x64.ActiveCfg = Release|Any CPU
		{B0387324-A1CD-443D-B800-9FB499410F07}.CD_ROM|x86.ActiveCfg = Release|Any CPU
		{B0387324-A1CD-443D-B800-9FB499410F07}.Debug|Any CPU.ActiveCfg = Debug|Any CPU
		{B0387324-A1CD-443D-B800-9FB499410F07}.Debug|Any CPU.Build.0 = Debug|Any CPU
		{B0387324-A1CD-443D-B800-9FB499410F07}.Debug|Mixed Platforms.ActiveCfg = Release|Any CPU
		{B0387324-A1CD-443D-B800-9FB499410F07}.Debug|Mixed Platforms.Build.0 = Release|Any CPU
		{B0387324-A1CD-443D-B800-9FB499410F07}.Debug|Win32.ActiveCfg = Debug|Any CPU
		{B0387324-A1CD-443D-B800-9FB499410F07}.Debug|x64.ActiveCfg = Debug|Any CPU
		{B0387324-A1CD-443D-B800-9FB499410F07}.Debug|x86.ActiveCfg = Debug|Any CPU
		{B0387324-A1CD-443D-B800-9FB499410F07}.DVD-5|Any CPU.ActiveCfg = Debug|Any CPU
		{B0387324-A1CD-443D-B800-9FB499410F07}.DVD-5|Any CPU.Build.0 = Debug|Any CPU
		{B0387324-A1CD-443D-B800-9FB499410F07}.DVD-5|Mixed Platforms.ActiveCfg = Debug|Any CPU
		{B0387324-A1CD-443D-B800-9FB499410F07}.DVD-5|Mixed Platforms.Build.0 = Debug|Any CPU
		{B0387324-A1CD-443D-B800-9FB499410F07}.DVD-5|Win32.ActiveCfg = Debug|Any CPU
		{B0387324-A1CD-443D-B800-9FB499410F07}.DVD-5|x64.ActiveCfg = Debug|Any CPU
		{B0387324-A1CD-443D-B800-9FB499410F07}.DVD-5|x86.ActiveCfg = Debug|Any CPU
		{B0387324-A1CD-443D-B800-9FB499410F07}.Release|Any CPU.ActiveCfg = Release|Any CPU
		{B0387324-A1CD-443D-B800-9FB499410F07}.Release|Any CPU.Build.0 = Release|Any CPU
		{B0387324-A1CD-443D-B800-9FB499410F07}.Release|Mixed Platforms.ActiveCfg = Release|Any CPU
		{B0387324-A1CD-443D-B800-9FB499410F07}.Release|Mixed Platforms.Build.0 = Release|Any CPU
		{B0387324-A1CD-443D-B800-9FB499410F07}.Release|Win32.ActiveCfg = Release|Any CPU
		{B0387324-A1CD-443D-B800-9FB499410F07}.Release|x64.ActiveCfg = Release|Any CPU
		{B0387324-A1CD-443D-B800-9FB499410F07}.Release|x86.ActiveCfg = Release|Any CPU
		{B0387324-A1CD-443D-B800-9FB499410F07}.SingleImage|Any CPU.ActiveCfg = Release|Any CPU
		{B0387324-A1CD-443D-B800-9FB499410F07}.SingleImage|Any CPU.Build.0 = Release|Any CPU
		{B0387324-A1CD-443D-B800-9FB499410F07}.SingleImage|Mixed Platforms.ActiveCfg = Release|Any CPU
		{B0387324-A1CD-443D-B800-9FB499410F07}.SingleImage|Mixed Platforms.Build.0 = Release|Any CPU
		{B0387324-A1CD-443D-B800-9FB499410F07}.SingleImage|Win32.ActiveCfg = Release|Any CPU
		{B0387324-A1CD-443D-B800-9FB499410F07}.SingleImage|x64.ActiveCfg = Release|Any CPU
		{B0387324-A1CD-443D-B800-9FB499410F07}.SingleImage|x86.ActiveCfg = Release|Any CPU
		{F695D479-142B-4EAD-AE99-171E8AB7180A}.CD_ROM|Any CPU.ActiveCfg = Release|Any CPU
		{F695D479-142B-4EAD-AE99-171E8AB7180A}.CD_ROM|Any CPU.Build.0 = Release|Any CPU
		{F695D479-142B-4EAD-AE99-171E8AB7180A}.CD_ROM|Mixed Platforms.ActiveCfg = Release|Any CPU
		{F695D479-142B-4EAD-AE99-171E8AB7180A}.CD_ROM|Mixed Platforms.Build.0 = Release|Any CPU
		{F695D479-142B-4EAD-AE99-171E8AB7180A}.CD_ROM|Win32.ActiveCfg = Release|Any CPU
		{F695D479-142B-4EAD-AE99-171E8AB7180A}.CD_ROM|x64.ActiveCfg = Release|Any CPU
		{F695D479-142B-4EAD-AE99-171E8AB7180A}.CD_ROM|x86.ActiveCfg = Release|Any CPU
		{F695D479-142B-4EAD-AE99-171E8AB7180A}.Debug|Any CPU.ActiveCfg = Debug|Any CPU
		{F695D479-142B-4EAD-AE99-171E8AB7180A}.Debug|Any CPU.Build.0 = Debug|Any CPU
		{F695D479-142B-4EAD-AE99-171E8AB7180A}.Debug|Mixed Platforms.ActiveCfg = Debug|Any CPU
		{F695D479-142B-4EAD-AE99-171E8AB7180A}.Debug|Mixed Platforms.Build.0 = Debug|Any CPU
		{F695D479-142B-4EAD-AE99-171E8AB7180A}.Debug|Win32.ActiveCfg = Debug|Any CPU
		{F695D479-142B-4EAD-AE99-171E8AB7180A}.Debug|x64.ActiveCfg = Debug|Any CPU
		{F695D479-142B-4EAD-AE99-171E8AB7180A}.Debug|x86.ActiveCfg = Debug|Any CPU
		{F695D479-142B-4EAD-AE99-171E8AB7180A}.DVD-5|Any CPU.ActiveCfg = Debug|Any CPU
		{F695D479-142B-4EAD-AE99-171E8AB7180A}.DVD-5|Any CPU.Build.0 = Debug|Any CPU
		{F695D479-142B-4EAD-AE99-171E8AB7180A}.DVD-5|Mixed Platforms.ActiveCfg = Debug|Any CPU
		{F695D479-142B-4EAD-AE99-171E8AB7180A}.DVD-5|Mixed Platforms.Build.0 = Debug|Any CPU
		{F695D479-142B-4EAD-AE99-171E8AB7180A}.DVD-5|Win32.ActiveCfg = Debug|Any CPU
		{F695D479-142B-4EAD-AE99-171E8AB7180A}.DVD-5|x64.ActiveCfg = Debug|Any CPU
		{F695D479-142B-4EAD-AE99-171E8AB7180A}.DVD-5|x86.ActiveCfg = Debug|Any CPU
		{F695D479-142B-4EAD-AE99-171E8AB7180A}.Release|Any CPU.ActiveCfg = Release|Any CPU
		{F695D479-142B-4EAD-AE99-171E8AB7180A}.Release|Any CPU.Build.0 = Release|Any CPU
		{F695D479-142B-4EAD-AE99-171E8AB7180A}.Release|Mixed Platforms.ActiveCfg = Release|Any CPU
		{F695D479-142B-4EAD-AE99-171E8AB7180A}.Release|Mixed Platforms.Build.0 = Release|Any CPU
		{F695D479-142B-4EAD-AE99-171E8AB7180A}.Release|Win32.ActiveCfg = Release|Any CPU
		{F695D479-142B-4EAD-AE99-171E8AB7180A}.Release|x64.ActiveCfg = Release|Any CPU
		{F695D479-142B-4EAD-AE99-171E8AB7180A}.Release|x86.ActiveCfg = Release|Any CPU
		{F695D479-142B-4EAD-AE99-171E8AB7180A}.SingleImage|Any CPU.ActiveCfg = Release|Any CPU
		{F695D479-142B-4EAD-AE99-171E8AB7180A}.SingleImage|Any CPU.Build.0 = Release|Any CPU
		{F695D479-142B-4EAD-AE99-171E8AB7180A}.SingleImage|Mixed Platforms.ActiveCfg = Release|Any CPU
		{F695D479-142B-4EAD-AE99-171E8AB7180A}.SingleImage|Mixed Platforms.Build.0 = Release|Any CPU
		{F695D479-142B-4EAD-AE99-171E8AB7180A}.SingleImage|Win32.ActiveCfg = Release|Any CPU
		{F695D479-142B-4EAD-AE99-171E8AB7180A}.SingleImage|x64.ActiveCfg = Release|Any CPU
		{F695D479-142B-4EAD-AE99-171E8AB7180A}.SingleImage|x86.ActiveCfg = Release|Any CPU
		{E059BFA6-22DE-46A9-8B53-E05AD208665F}.CD_ROM|Any CPU.ActiveCfg = Release
		{E059BFA6-22DE-46A9-8B53-E05AD208665F}.CD_ROM|Any CPU.Build.0 = Release
		{E059BFA6-22DE-46A9-8B53-E05AD208665F}.CD_ROM|Mixed Platforms.ActiveCfg = Release
		{E059BFA6-22DE-46A9-8B53-E05AD208665F}.CD_ROM|Mixed Platforms.Build.0 = Release
		{E059BFA6-22DE-46A9-8B53-E05AD208665F}.CD_ROM|Win32.ActiveCfg = Release
		{E059BFA6-22DE-46A9-8B53-E05AD208665F}.CD_ROM|Win32.Build.0 = Release
		{E059BFA6-22DE-46A9-8B53-E05AD208665F}.CD_ROM|x64.ActiveCfg = Release
		{E059BFA6-22DE-46A9-8B53-E05AD208665F}.CD_ROM|x64.Build.0 = Release
		{E059BFA6-22DE-46A9-8B53-E05AD208665F}.CD_ROM|x86.ActiveCfg = Release
		{E059BFA6-22DE-46A9-8B53-E05AD208665F}.CD_ROM|x86.Build.0 = Release
		{E059BFA6-22DE-46A9-8B53-E05AD208665F}.Debug|Any CPU.ActiveCfg = Debug
		{E059BFA6-22DE-46A9-8B53-E05AD208665F}.Debug|Mixed Platforms.ActiveCfg = Debug
		{E059BFA6-22DE-46A9-8B53-E05AD208665F}.Debug|Win32.ActiveCfg = Debug
		{E059BFA6-22DE-46A9-8B53-E05AD208665F}.Debug|Win32.Build.0 = Debug
		{E059BFA6-22DE-46A9-8B53-E05AD208665F}.Debug|x64.ActiveCfg = Debug
		{E059BFA6-22DE-46A9-8B53-E05AD208665F}.Debug|x86.ActiveCfg = Debug
		{E059BFA6-22DE-46A9-8B53-E05AD208665F}.DVD-5|Any CPU.ActiveCfg = Debug
		{E059BFA6-22DE-46A9-8B53-E05AD208665F}.DVD-5|Any CPU.Build.0 = Debug
		{E059BFA6-22DE-46A9-8B53-E05AD208665F}.DVD-5|Mixed Platforms.ActiveCfg = Debug
		{E059BFA6-22DE-46A9-8B53-E05AD208665F}.DVD-5|Mixed Platforms.Build.0 = Debug
		{E059BFA6-22DE-46A9-8B53-E05AD208665F}.DVD-5|Win32.ActiveCfg = Debug
		{E059BFA6-22DE-46A9-8B53-E05AD208665F}.DVD-5|Win32.Build.0 = Debug
		{E059BFA6-22DE-46A9-8B53-E05AD208665F}.DVD-5|x64.ActiveCfg = Debug
		{E059BFA6-22DE-46A9-8B53-E05AD208665F}.DVD-5|x64.Build.0 = Debug
		{E059BFA6-22DE-46A9-8B53-E05AD208665F}.DVD-5|x86.ActiveCfg = Debug
		{E059BFA6-22DE-46A9-8B53-E05AD208665F}.DVD-5|x86.Build.0 = Debug
		{E059BFA6-22DE-46A9-8B53-E05AD208665F}.Release|Any CPU.ActiveCfg = Release
		{E059BFA6-22DE-46A9-8B53-E05AD208665F}.Release|Mixed Platforms.ActiveCfg = Release
		{E059BFA6-22DE-46A9-8B53-E05AD208665F}.Release|Win32.ActiveCfg = Release
		{E059BFA6-22DE-46A9-8B53-E05AD208665F}.Release|Win32.Build.0 = Release
		{E059BFA6-22DE-46A9-8B53-E05AD208665F}.Release|x64.ActiveCfg = Release
		{E059BFA6-22DE-46A9-8B53-E05AD208665F}.Release|x86.ActiveCfg = Release
		{E059BFA6-22DE-46A9-8B53-E05AD208665F}.SingleImage|Any CPU.ActiveCfg = Release
		{E059BFA6-22DE-46A9-8B53-E05AD208665F}.SingleImage|Any CPU.Build.0 = Release
		{E059BFA6-22DE-46A9-8B53-E05AD208665F}.SingleImage|Mixed Platforms.ActiveCfg = Release
		{E059BFA6-22DE-46A9-8B53-E05AD208665F}.SingleImage|Mixed Platforms.Build.0 = Release
		{E059BFA6-22DE-46A9-8B53-E05AD208665F}.SingleImage|Win32.ActiveCfg = Release
		{E059BFA6-22DE-46A9-8B53-E05AD208665F}.SingleImage|Win32.Build.0 = Release
		{E059BFA6-22DE-46A9-8B53-E05AD208665F}.SingleImage|x64.ActiveCfg = Release
		{E059BFA6-22DE-46A9-8B53-E05AD208665F}.SingleImage|x64.Build.0 = Release
		{E059BFA6-22DE-46A9-8B53-E05AD208665F}.SingleImage|x86.ActiveCfg = Release
		{E059BFA6-22DE-46A9-8B53-E05AD208665F}.SingleImage|x86.Build.0 = Release
		{170D7D1B-61B9-4E8B-9CD3-88350725379F}.CD_ROM|Any CPU.ActiveCfg = Release|x64
		{170D7D1B-61B9-4E8B-9CD3-88350725379F}.CD_ROM|Mixed Platforms.ActiveCfg = Release|x64
		{170D7D1B-61B9-4E8B-9CD3-88350725379F}.CD_ROM|Mixed Platforms.Build.0 = Release|x64
		{170D7D1B-61B9-4E8B-9CD3-88350725379F}.CD_ROM|Win32.ActiveCfg = Release|x64
		{170D7D1B-61B9-4E8B-9CD3-88350725379F}.CD_ROM|x64.ActiveCfg = Release|x64
		{170D7D1B-61B9-4E8B-9CD3-88350725379F}.CD_ROM|x64.Build.0 = Release|x64
		{170D7D1B-61B9-4E8B-9CD3-88350725379F}.CD_ROM|x86.ActiveCfg = Release|x64
		{170D7D1B-61B9-4E8B-9CD3-88350725379F}.Debug|Any CPU.ActiveCfg = Debug|Any CPU
		{170D7D1B-61B9-4E8B-9CD3-88350725379F}.Debug|Any CPU.Build.0 = Debug|Any CPU
		{170D7D1B-61B9-4E8B-9CD3-88350725379F}.Debug|Mixed Platforms.ActiveCfg = Debug|x64
		{170D7D1B-61B9-4E8B-9CD3-88350725379F}.Debug|Mixed Platforms.Build.0 = Debug|x64
		{170D7D1B-61B9-4E8B-9CD3-88350725379F}.Debug|Win32.ActiveCfg = Debug|x64
		{170D7D1B-61B9-4E8B-9CD3-88350725379F}.Debug|x64.ActiveCfg = Debug|x64
		{170D7D1B-61B9-4E8B-9CD3-88350725379F}.Debug|x64.Build.0 = Debug|x64
		{170D7D1B-61B9-4E8B-9CD3-88350725379F}.Debug|x86.ActiveCfg = Debug|x64
		{170D7D1B-61B9-4E8B-9CD3-88350725379F}.DVD-5|Any CPU.ActiveCfg = Debug|x64
		{170D7D1B-61B9-4E8B-9CD3-88350725379F}.DVD-5|Mixed Platforms.ActiveCfg = Debug|x64
		{170D7D1B-61B9-4E8B-9CD3-88350725379F}.DVD-5|Mixed Platforms.Build.0 = Debug|x64
		{170D7D1B-61B9-4E8B-9CD3-88350725379F}.DVD-5|Win32.ActiveCfg = Debug|x64
		{170D7D1B-61B9-4E8B-9CD3-88350725379F}.DVD-5|x64.ActiveCfg = Debug|x64
		{170D7D1B-61B9-4E8B-9CD3-88350725379F}.DVD-5|x64.Build.0 = Debug|x64
		{170D7D1B-61B9-4E8B-9CD3-88350725379F}.DVD-5|x86.ActiveCfg = Debug|x64
		{170D7D1B-61B9-4E8B-9CD3-88350725379F}.Release|Any CPU.ActiveCfg = Release|Any CPU
		{170D7D1B-61B9-4E8B-9CD3-88350725379F}.Release|Any CPU.Build.0 = Release|Any CPU
		{170D7D1B-61B9-4E8B-9CD3-88350725379F}.Release|Mixed Platforms.ActiveCfg = Release|x64
		{170D7D1B-61B9-4E8B-9CD3-88350725379F}.Release|Mixed Platforms.Build.0 = Release|x64
		{170D7D1B-61B9-4E8B-9CD3-88350725379F}.Release|Win32.ActiveCfg = Release|x64
		{170D7D1B-61B9-4E8B-9CD3-88350725379F}.Release|x64.ActiveCfg = Release|x64
		{170D7D1B-61B9-4E8B-9CD3-88350725379F}.Release|x64.Build.0 = Release|x64
		{170D7D1B-61B9-4E8B-9CD3-88350725379F}.Release|x86.ActiveCfg = Release|x64
		{170D7D1B-61B9-4E8B-9CD3-88350725379F}.SingleImage|Any CPU.ActiveCfg = Release|x64
		{170D7D1B-61B9-4E8B-9CD3-88350725379F}.SingleImage|Mixed Platforms.ActiveCfg = Release|x64
		{170D7D1B-61B9-4E8B-9CD3-88350725379F}.SingleImage|Mixed Platforms.Build.0 = Release|x64
		{170D7D1B-61B9-4E8B-9CD3-88350725379F}.SingleImage|Win32.ActiveCfg = Release|x64
		{170D7D1B-61B9-4E8B-9CD3-88350725379F}.SingleImage|x64.ActiveCfg = Release|x64
		{170D7D1B-61B9-4E8B-9CD3-88350725379F}.SingleImage|x64.Build.0 = Release|x64
		{170D7D1B-61B9-4E8B-9CD3-88350725379F}.SingleImage|x86.ActiveCfg = Release|x64
		{7557CD80-FD57-4E91-8D38-A99CE17BC687}.CD_ROM|Any CPU.ActiveCfg = Release
		{7557CD80-FD57-4E91-8D38-A99CE17BC687}.CD_ROM|Any CPU.Build.0 = Release
		{7557CD80-FD57-4E91-8D38-A99CE17BC687}.CD_ROM|Mixed Platforms.ActiveCfg = Release
		{7557CD80-FD57-4E91-8D38-A99CE17BC687}.CD_ROM|Mixed Platforms.Build.0 = Release
		{7557CD80-FD57-4E91-8D38-A99CE17BC687}.CD_ROM|Win32.ActiveCfg = Release
		{7557CD80-FD57-4E91-8D38-A99CE17BC687}.CD_ROM|Win32.Build.0 = Release
		{7557CD80-FD57-4E91-8D38-A99CE17BC687}.CD_ROM|x64.ActiveCfg = Release
		{7557CD80-FD57-4E91-8D38-A99CE17BC687}.CD_ROM|x64.Build.0 = Release
		{7557CD80-FD57-4E91-8D38-A99CE17BC687}.CD_ROM|x86.ActiveCfg = Release
		{7557CD80-FD57-4E91-8D38-A99CE17BC687}.CD_ROM|x86.Build.0 = Release
		{7557CD80-FD57-4E91-8D38-A99CE17BC687}.Debug|Any CPU.ActiveCfg = Debug
		{7557CD80-FD57-4E91-8D38-A99CE17BC687}.Debug|Mixed Platforms.ActiveCfg = Debug
		{7557CD80-FD57-4E91-8D38-A99CE17BC687}.Debug|Win32.ActiveCfg = Debug
		{7557CD80-FD57-4E91-8D38-A99CE17BC687}.Debug|Win32.Build.0 = Debug
		{7557CD80-FD57-4E91-8D38-A99CE17BC687}.Debug|x64.ActiveCfg = Debug
		{7557CD80-FD57-4E91-8D38-A99CE17BC687}.Debug|x86.ActiveCfg = Debug
		{7557CD80-FD57-4E91-8D38-A99CE17BC687}.DVD-5|Any CPU.ActiveCfg = Debug
		{7557CD80-FD57-4E91-8D38-A99CE17BC687}.DVD-5|Any CPU.Build.0 = Debug
		{7557CD80-FD57-4E91-8D38-A99CE17BC687}.DVD-5|Mixed Platforms.ActiveCfg = Debug
		{7557CD80-FD57-4E91-8D38-A99CE17BC687}.DVD-5|Mixed Platforms.Build.0 = Debug
		{7557CD80-FD57-4E91-8D38-A99CE17BC687}.DVD-5|Win32.ActiveCfg = Debug
		{7557CD80-FD57-4E91-8D38-A99CE17BC687}.DVD-5|Win32.Build.0 = Debug
		{7557CD80-FD57-4E91-8D38-A99CE17BC687}.DVD-5|x64.ActiveCfg = Debug
		{7557CD80-FD57-4E91-8D38-A99CE17BC687}.DVD-5|x64.Build.0 = Debug
		{7557CD80-FD57-4E91-8D38-A99CE17BC687}.DVD-5|x86.ActiveCfg = Debug
		{7557CD80-FD57-4E91-8D38-A99CE17BC687}.DVD-5|x86.Build.0 = Debug
		{7557CD80-FD57-4E91-8D38-A99CE17BC687}.Release|Any CPU.ActiveCfg = Release
		{7557CD80-FD57-4E91-8D38-A99CE17BC687}.Release|Mixed Platforms.ActiveCfg = Release
		{7557CD80-FD57-4E91-8D38-A99CE17BC687}.Release|Win32.ActiveCfg = Release
		{7557CD80-FD57-4E91-8D38-A99CE17BC687}.Release|Win32.Build.0 = Release
		{7557CD80-FD57-4E91-8D38-A99CE17BC687}.Release|x64.ActiveCfg = Release
		{7557CD80-FD57-4E91-8D38-A99CE17BC687}.Release|x86.ActiveCfg = Release
		{7557CD80-FD57-4E91-8D38-A99CE17BC687}.SingleImage|Any CPU.ActiveCfg = Release
		{7557CD80-FD57-4E91-8D38-A99CE17BC687}.SingleImage|Any CPU.Build.0 = Release
		{7557CD80-FD57-4E91-8D38-A99CE17BC687}.SingleImage|Mixed Platforms.ActiveCfg = Release
		{7557CD80-FD57-4E91-8D38-A99CE17BC687}.SingleImage|Mixed Platforms.Build.0 = Release
		{7557CD80-FD57-4E91-8D38-A99CE17BC687}.SingleImage|Win32.ActiveCfg = Release
		{7557CD80-FD57-4E91-8D38-A99CE17BC687}.SingleImage|Win32.Build.0 = Release
		{7557CD80-FD57-4E91-8D38-A99CE17BC687}.SingleImage|x64.ActiveCfg = Release
		{7557CD80-FD57-4E91-8D38-A99CE17BC687}.SingleImage|x64.Build.0 = Release
		{7557CD80-FD57-4E91-8D38-A99CE17BC687}.SingleImage|x86.ActiveCfg = Release
		{7557CD80-FD57-4E91-8D38-A99CE17BC687}.SingleImage|x86.Build.0 = Release
		{1DFD7B9B-4995-435E-B114-D095B41E6C05}.CD_ROM|Any CPU.ActiveCfg = Release
		{1DFD7B9B-4995-435E-B114-D095B41E6C05}.CD_ROM|Any CPU.Build.0 = Release
		{1DFD7B9B-4995-435E-B114-D095B41E6C05}.CD_ROM|Mixed Platforms.ActiveCfg = Release
		{1DFD7B9B-4995-435E-B114-D095B41E6C05}.CD_ROM|Mixed Platforms.Build.0 = Release
		{1DFD7B9B-4995-435E-B114-D095B41E6C05}.CD_ROM|Win32.ActiveCfg = Release
		{1DFD7B9B-4995-435E-B114-D095B41E6C05}.CD_ROM|Win32.Build.0 = Release
		{1DFD7B9B-4995-435E-B114-D095B41E6C05}.CD_ROM|x64.ActiveCfg = Release
		{1DFD7B9B-4995-435E-B114-D095B41E6C05}.CD_ROM|x64.Build.0 = Release
		{1DFD7B9B-4995-435E-B114-D095B41E6C05}.CD_ROM|x86.ActiveCfg = Release
		{1DFD7B9B-4995-435E-B114-D095B41E6C05}.CD_ROM|x86.Build.0 = Release
		{1DFD7B9B-4995-435E-B114-D095B41E6C05}.Debug|Any CPU.ActiveCfg = Debug
		{1DFD7B9B-4995-435E-B114-D095B41E6C05}.Debug|Mixed Platforms.ActiveCfg = Debug
		{1DFD7B9B-4995-435E-B114-D095B41E6C05}.Debug|Win32.ActiveCfg = Debug
		{1DFD7B9B-4995-435E-B114-D095B41E6C05}.Debug|Win32.Build.0 = Debug
		{1DFD7B9B-4995-435E-B114-D095B41E6C05}.Debug|x64.ActiveCfg = Debug
		{1DFD7B9B-4995-435E-B114-D095B41E6C05}.Debug|x86.ActiveCfg = Debug
		{1DFD7B9B-4995-435E-B114-D095B41E6C05}.DVD-5|Any CPU.ActiveCfg = Debug
		{1DFD7B9B-4995-435E-B114-D095B41E6C05}.DVD-5|Any CPU.Build.0 = Debug
		{1DFD7B9B-4995-435E-B114-D095B41E6C05}.DVD-5|Mixed Platforms.ActiveCfg = Debug
		{1DFD7B9B-4995-435E-B114-D095B41E6C05}.DVD-5|Mixed Platforms.Build.0 = Debug
		{1DFD7B9B-4995-435E-B114-D095B41E6C05}.DVD-5|Win32.ActiveCfg = Debug
		{1DFD7B9B-4995-435E-B114-D095B41E6C05}.DVD-5|Win32.Build.0 = Debug
		{1DFD7B9B-4995-435E-B114-D095B41E6C05}.DVD-5|x64.ActiveCfg = Debug
		{1DFD7B9B-4995-435E-B114-D095B41E6C05}.DVD-5|x64.Build.0 = Debug
		{1DFD7B9B-4995-435E-B114-D095B41E6C05}.DVD-5|x86.ActiveCfg = Debug
		{1DFD7B9B-4995-435E-B114-D095B41E6C05}.DVD-5|x86.Build.0 = Debug
		{1DFD7B9B-4995-435E-B114-D095B41E6C05}.Release|Any CPU.ActiveCfg = Release
		{1DFD7B9B-4995-435E-B114-D095B41E6C05}.Release|Mixed Platforms.ActiveCfg = Release
		{1DFD7B9B-4995-435E-B114-D095B41E6C05}.Release|Win32.ActiveCfg = Release
		{1DFD7B9B-4995-435E-B114-D095B41E6C05}.Release|Win32.Build.0 = Release
		{1DFD7B9B-4995-435E-B114-D095B41E6C05}.Release|x64.ActiveCfg = Release
		{1DFD7B9B-4995-435E-B114-D095B41E6C05}.Release|x86.ActiveCfg = Release
		{1DFD7B9B-4995-435E-B114-D095B41E6C05}.SingleImage|Any CPU.ActiveCfg = Release
		{1DFD7B9B-4995-435E-B114-D095B41E6C05}.SingleImage|Any CPU.Build.0 = Release
		{1DFD7B9B-4995-435E-B114-D095B41E6C05}.SingleImage|Mixed Platforms.ActiveCfg = Release
		{1DFD7B9B-4995-435E-B114-D095B41E6C05}.SingleImage|Mixed Platforms.Build.0 = Release
		{1DFD7B9B-4995-435E-B114-D095B41E6C05}.SingleImage|Win32.ActiveCfg = Release
		{1DFD7B9B-4995-435E-B114-D095B41E6C05}.SingleImage|Win32.Build.0 = Release
		{1DFD7B9B-4995-435E-B114-D095B41E6C05}.SingleImage|x64.ActiveCfg = Release
		{1DFD7B9B-4995-435E-B114-D095B41E6C05}.SingleImage|x64.Build.0 = Release
		{1DFD7B9B-4995-435E-B114-D095B41E6C05}.SingleImage|x86.ActiveCfg = Release
		{1DFD7B9B-4995-435E-B114-D095B41E6C05}.SingleImage|x86.Build.0 = Release
		{7028E31A-BB19-42F0-B705-DF0C89A114F5}.CD_ROM|Any CPU.ActiveCfg = Release
		{7028E31A-BB19-42F0-B705-DF0C89A114F5}.CD_ROM|Any CPU.Build.0 = Release
		{7028E31A-BB19-42F0-B705-DF0C89A114F5}.CD_ROM|Mixed Platforms.ActiveCfg = Release
		{7028E31A-BB19-42F0-B705-DF0C89A114F5}.CD_ROM|Mixed Platforms.Build.0 = Release
		{7028E31A-BB19-42F0-B705-DF0C89A114F5}.CD_ROM|Win32.ActiveCfg = Release
		{7028E31A-BB19-42F0-B705-DF0C89A114F5}.CD_ROM|Win32.Build.0 = Release
		{7028E31A-BB19-42F0-B705-DF0C89A114F5}.CD_ROM|x64.ActiveCfg = Release
		{7028E31A-BB19-42F0-B705-DF0C89A114F5}.CD_ROM|x64.Build.0 = Release
		{7028E31A-BB19-42F0-B705-DF0C89A114F5}.CD_ROM|x86.ActiveCfg = Release
		{7028E31A-BB19-42F0-B705-DF0C89A114F5}.CD_ROM|x86.Build.0 = Release
		{7028E31A-BB19-42F0-B705-DF0C89A114F5}.Debug|Any CPU.ActiveCfg = Debug
		{7028E31A-BB19-42F0-B705-DF0C89A114F5}.Debug|Mixed Platforms.ActiveCfg = Debug
		{7028E31A-BB19-42F0-B705-DF0C89A114F5}.Debug|Win32.ActiveCfg = Debug
		{7028E31A-BB19-42F0-B705-DF0C89A114F5}.Debug|Win32.Build.0 = Debug
		{7028E31A-BB19-42F0-B705-DF0C89A114F5}.Debug|x64.ActiveCfg = Debug
		{7028E31A-BB19-42F0-B705-DF0C89A114F5}.Debug|x86.ActiveCfg = Debug
		{7028E31A-BB19-42F0-B705-DF0C89A114F5}.DVD-5|Any CPU.ActiveCfg = Debug
		{7028E31A-BB19-42F0-B705-DF0C89A114F5}.DVD-5|Any CPU.Build.0 = Debug
		{7028E31A-BB19-42F0-B705-DF0C89A114F5}.DVD-5|Mixed Platforms.ActiveCfg = Debug
		{7028E31A-BB19-42F0-B705-DF0C89A114F5}.DVD-5|Mixed Platforms.Build.0 = Debug
		{7028E31A-BB19-42F0-B705-DF0C89A114F5}.DVD-5|Win32.ActiveCfg = Debug
		{7028E31A-BB19-42F0-B705-DF0C89A114F5}.DVD-5|Win32.Build.0 = Debug
		{7028E31A-BB19-42F0-B705-DF0C89A114F5}.DVD-5|x64.ActiveCfg = Debug
		{7028E31A-BB19-42F0-B705-DF0C89A114F5}.DVD-5|x64.Build.0 = Debug
		{7028E31A-BB19-42F0-B705-DF0C89A114F5}.DVD-5|x86.ActiveCfg = Debug
		{7028E31A-BB19-42F0-B705-DF0C89A114F5}.DVD-5|x86.Build.0 = Debug
		{7028E31A-BB19-42F0-B705-DF0C89A114F5}.Release|Any CPU.ActiveCfg = Release
		{7028E31A-BB19-42F0-B705-DF0C89A114F5}.Release|Mixed Platforms.ActiveCfg = Release
		{7028E31A-BB19-42F0-B705-DF0C89A114F5}.Release|Win32.ActiveCfg = Release
		{7028E31A-BB19-42F0-B705-DF0C89A114F5}.Release|Win32.Build.0 = Release
		{7028E31A-BB19-42F0-B705-DF0C89A114F5}.Release|x64.ActiveCfg = Release
		{7028E31A-BB19-42F0-B705-DF0C89A114F5}.Release|x86.ActiveCfg = Release
		{7028E31A-BB19-42F0-B705-DF0C89A114F5}.SingleImage|Any CPU.ActiveCfg = Release
		{7028E31A-BB19-42F0-B705-DF0C89A114F5}.SingleImage|Any CPU.Build.0 = Release
		{7028E31A-BB19-42F0-B705-DF0C89A114F5}.SingleImage|Mixed Platforms.ActiveCfg = Release
		{7028E31A-BB19-42F0-B705-DF0C89A114F5}.SingleImage|Mixed Platforms.Build.0 = Release
		{7028E31A-BB19-42F0-B705-DF0C89A114F5}.SingleImage|Win32.ActiveCfg = Release
		{7028E31A-BB19-42F0-B705-DF0C89A114F5}.SingleImage|Win32.Build.0 = Release
		{7028E31A-BB19-42F0-B705-DF0C89A114F5}.SingleImage|x64.ActiveCfg = Release
		{7028E31A-BB19-42F0-B705-DF0C89A114F5}.SingleImage|x64.Build.0 = Release
		{7028E31A-BB19-42F0-B705-DF0C89A114F5}.SingleImage|x86.ActiveCfg = Release
		{7028E31A-BB19-42F0-B705-DF0C89A114F5}.SingleImage|x86.Build.0 = Release
		{DC7D89C1-CBCF-43BF-ABDD-EBF0ACF57F10}.CD_ROM|Any CPU.ActiveCfg = Release
		{DC7D89C1-CBCF-43BF-ABDD-EBF0ACF57F10}.CD_ROM|Any CPU.Build.0 = Release
		{DC7D89C1-CBCF-43BF-ABDD-EBF0ACF57F10}.CD_ROM|Mixed Platforms.ActiveCfg = Release
		{DC7D89C1-CBCF-43BF-ABDD-EBF0ACF57F10}.CD_ROM|Mixed Platforms.Build.0 = Release
		{DC7D89C1-CBCF-43BF-ABDD-EBF0ACF57F10}.CD_ROM|Win32.ActiveCfg = Release
		{DC7D89C1-CBCF-43BF-ABDD-EBF0ACF57F10}.CD_ROM|Win32.Build.0 = Release
		{DC7D89C1-CBCF-43BF-ABDD-EBF0ACF57F10}.CD_ROM|x64.ActiveCfg = Release
		{DC7D89C1-CBCF-43BF-ABDD-EBF0ACF57F10}.CD_ROM|x64.Build.0 = Release
		{DC7D89C1-CBCF-43BF-ABDD-EBF0ACF57F10}.CD_ROM|x86.ActiveCfg = Release
		{DC7D89C1-CBCF-43BF-ABDD-EBF0ACF57F10}.CD_ROM|x86.Build.0 = Release
		{DC7D89C1-CBCF-43BF-ABDD-EBF0ACF57F10}.Debug|Any CPU.ActiveCfg = Debug
		{DC7D89C1-CBCF-43BF-ABDD-EBF0ACF57F10}.Debug|Mixed Platforms.ActiveCfg = Debug
		{DC7D89C1-CBCF-43BF-ABDD-EBF0ACF57F10}.Debug|Win32.ActiveCfg = Debug
		{DC7D89C1-CBCF-43BF-ABDD-EBF0ACF57F10}.Debug|x64.ActiveCfg = Debug
		{DC7D89C1-CBCF-43BF-ABDD-EBF0ACF57F10}.Debug|x86.ActiveCfg = Debug
		{DC7D89C1-CBCF-43BF-ABDD-EBF0ACF57F10}.DVD-5|Any CPU.ActiveCfg = Debug
		{DC7D89C1-CBCF-43BF-ABDD-EBF0ACF57F10}.DVD-5|Any CPU.Build.0 = Debug
		{DC7D89C1-CBCF-43BF-ABDD-EBF0ACF57F10}.DVD-5|Mixed Platforms.ActiveCfg = Debug
		{DC7D89C1-CBCF-43BF-ABDD-EBF0ACF57F10}.DVD-5|Mixed Platforms.Build.0 = Debug
		{DC7D89C1-CBCF-43BF-ABDD-EBF0ACF57F10}.DVD-5|Win32.ActiveCfg = Debug
		{DC7D89C1-CBCF-43BF-ABDD-EBF0ACF57F10}.DVD-5|Win32.Build.0 = Debug
		{DC7D89C1-CBCF-43BF-ABDD-EBF0ACF57F10}.DVD-5|x64.ActiveCfg = Debug
		{DC7D89C1-CBCF-43BF-ABDD-EBF0ACF57F10}.DVD-5|x64.Build.0 = Debug
		{DC7D89C1-CBCF-43BF-ABDD-EBF0ACF57F10}.DVD-5|x86.ActiveCfg = Debug
		{DC7D89C1-CBCF-43BF-ABDD-EBF0ACF57F10}.DVD-5|x86.Build.0 = Debug
		{DC7D89C1-CBCF-43BF-ABDD-EBF0ACF57F10}.Release|Any CPU.ActiveCfg = Release
		{DC7D89C1-CBCF-43BF-ABDD-EBF0ACF57F10}.Release|Mixed Platforms.ActiveCfg = Release
		{DC7D89C1-CBCF-43BF-ABDD-EBF0ACF57F10}.Release|Win32.ActiveCfg = Release
		{DC7D89C1-CBCF-43BF-ABDD-EBF0ACF57F10}.Release|x64.ActiveCfg = Release
		{DC7D89C1-CBCF-43BF-ABDD-EBF0ACF57F10}.Release|x86.ActiveCfg = Release
		{DC7D89C1-CBCF-43BF-ABDD-EBF0ACF57F10}.SingleImage|Any CPU.ActiveCfg = Release
		{DC7D89C1-CBCF-43BF-ABDD-EBF0ACF57F10}.SingleImage|Any CPU.Build.0 = Release
		{DC7D89C1-CBCF-43BF-ABDD-EBF0ACF57F10}.SingleImage|Mixed Platforms.ActiveCfg = Release
		{DC7D89C1-CBCF-43BF-ABDD-EBF0ACF57F10}.SingleImage|Mixed Platforms.Build.0 = Release
		{DC7D89C1-CBCF-43BF-ABDD-EBF0ACF57F10}.SingleImage|Win32.ActiveCfg = Release
		{DC7D89C1-CBCF-43BF-ABDD-EBF0ACF57F10}.SingleImage|Win32.Build.0 = Release
		{DC7D89C1-CBCF-43BF-ABDD-EBF0ACF57F10}.SingleImage|x64.ActiveCfg = Release
		{DC7D89C1-CBCF-43BF-ABDD-EBF0ACF57F10}.SingleImage|x64.Build.0 = Release
		{DC7D89C1-CBCF-43BF-ABDD-EBF0ACF57F10}.SingleImage|x86.ActiveCfg = Release
		{DC7D89C1-CBCF-43BF-ABDD-EBF0ACF57F10}.SingleImage|x86.Build.0 = Release
		{83766C52-F5B2-4B41-8255-029F14167DC3}.CD_ROM|Any CPU.ActiveCfg = Release
		{83766C52-F5B2-4B41-8255-029F14167DC3}.CD_ROM|Any CPU.Build.0 = Release
		{83766C52-F5B2-4B41-8255-029F14167DC3}.CD_ROM|Mixed Platforms.ActiveCfg = Release
		{83766C52-F5B2-4B41-8255-029F14167DC3}.CD_ROM|Mixed Platforms.Build.0 = Release
		{83766C52-F5B2-4B41-8255-029F14167DC3}.CD_ROM|Win32.ActiveCfg = Release
		{83766C52-F5B2-4B41-8255-029F14167DC3}.CD_ROM|Win32.Build.0 = Release
		{83766C52-F5B2-4B41-8255-029F14167DC3}.CD_ROM|x64.ActiveCfg = Release
		{83766C52-F5B2-4B41-8255-029F14167DC3}.CD_ROM|x64.Build.0 = Release
		{83766C52-F5B2-4B41-8255-029F14167DC3}.CD_ROM|x86.ActiveCfg = Release
		{83766C52-F5B2-4B41-8255-029F14167DC3}.CD_ROM|x86.Build.0 = Release
		{83766C52-F5B2-4B41-8255-029F14167DC3}.Debug|Any CPU.ActiveCfg = Debug
		{83766C52-F5B2-4B41-8255-029F14167DC3}.Debug|Mixed Platforms.ActiveCfg = Debug
		{83766C52-F5B2-4B41-8255-029F14167DC3}.Debug|Win32.ActiveCfg = Debug
		{83766C52-F5B2-4B41-8255-029F14167DC3}.Debug|x64.ActiveCfg = Debug
		{83766C52-F5B2-4B41-8255-029F14167DC3}.Debug|x86.ActiveCfg = Debug
		{83766C52-F5B2-4B41-8255-029F14167DC3}.DVD-5|Any CPU.ActiveCfg = Debug
		{83766C52-F5B2-4B41-8255-029F14167DC3}.DVD-5|Any CPU.Build.0 = Debug
		{83766C52-F5B2-4B41-8255-029F14167DC3}.DVD-5|Mixed Platforms.ActiveCfg = Debug
		{83766C52-F5B2-4B41-8255-029F14167DC3}.DVD-5|Mixed Platforms.Build.0 = Debug
		{83766C52-F5B2-4B41-8255-029F14167DC3}.DVD-5|Win32.ActiveCfg = Debug
		{83766C52-F5B2-4B41-8255-029F14167DC3}.DVD-5|Win32.Build.0 = Debug
		{83766C52-F5B2-4B41-8255-029F14167DC3}.DVD-5|x64.ActiveCfg = Debug
		{83766C52-F5B2-4B41-8255-029F14167DC3}.DVD-5|x64.Build.0 = Debug
		{83766C52-F5B2-4B41-8255-029F14167DC3}.DVD-5|x86.ActiveCfg = Debug
		{83766C52-F5B2-4B41-8255-029F14167DC3}.DVD-5|x86.Build.0 = Debug
		{83766C52-F5B2-4B41-8255-029F14167DC3}.Release|Any CPU.ActiveCfg = Release
		{83766C52-F5B2-4B41-8255-029F14167DC3}.Release|Mixed Platforms.ActiveCfg = Release
		{83766C52-F5B2-4B41-8255-029F14167DC3}.Release|Win32.ActiveCfg = Release
		{83766C52-F5B2-4B41-8255-029F14167DC3}.Release|x64.ActiveCfg = Release
		{83766C52-F5B2-4B41-8255-029F14167DC3}.Release|x86.ActiveCfg = Release
		{83766C52-F5B2-4B41-8255-029F14167DC3}.SingleImage|Any CPU.ActiveCfg = Release
		{83766C52-F5B2-4B41-8255-029F14167DC3}.SingleImage|Any CPU.Build.0 = Release
		{83766C52-F5B2-4B41-8255-029F14167DC3}.SingleImage|Mixed Platforms.ActiveCfg = Release
		{83766C52-F5B2-4B41-8255-029F14167DC3}.SingleImage|Mixed Platforms.Build.0 = Release
		{83766C52-F5B2-4B41-8255-029F14167DC3}.SingleImage|Win32.ActiveCfg = Release
		{83766C52-F5B2-4B41-8255-029F14167DC3}.SingleImage|Win32.Build.0 = Release
		{83766C52-F5B2-4B41-8255-029F14167DC3}.SingleImage|x64.ActiveCfg = Release
		{83766C52-F5B2-4B41-8255-029F14167DC3}.SingleImage|x64.Build.0 = Release
		{83766C52-F5B2-4B41-8255-029F14167DC3}.SingleImage|x86.ActiveCfg = Release
		{83766C52-F5B2-4B41-8255-029F14167DC3}.SingleImage|x86.Build.0 = Release
		{39782497-EE5D-41E9-BDBC-1C19DD68369D}.CD_ROM|Any CPU.ActiveCfg = Release
		{39782497-EE5D-41E9-BDBC-1C19DD68369D}.CD_ROM|Mixed Platforms.ActiveCfg = Release
		{39782497-EE5D-41E9-BDBC-1C19DD68369D}.CD_ROM|Win32.ActiveCfg = Release
		{39782497-EE5D-41E9-BDBC-1C19DD68369D}.CD_ROM|x64.ActiveCfg = Release
		{39782497-EE5D-41E9-BDBC-1C19DD68369D}.CD_ROM|x86.ActiveCfg = Release
		{39782497-EE5D-41E9-BDBC-1C19DD68369D}.Debug|Any CPU.ActiveCfg = Debug
		{39782497-EE5D-41E9-BDBC-1C19DD68369D}.Debug|Mixed Platforms.ActiveCfg = Debug
		{39782497-EE5D-41E9-BDBC-1C19DD68369D}.Debug|Win32.ActiveCfg = Debug
		{39782497-EE5D-41E9-BDBC-1C19DD68369D}.Debug|x64.ActiveCfg = Debug
		{39782497-EE5D-41E9-BDBC-1C19DD68369D}.Debug|x86.ActiveCfg = Debug
		{39782497-EE5D-41E9-BDBC-1C19DD68369D}.DVD-5|Any CPU.ActiveCfg = Debug
		{39782497-EE5D-41E9-BDBC-1C19DD68369D}.DVD-5|Mixed Platforms.ActiveCfg = Debug
		{39782497-EE5D-41E9-BDBC-1C19DD68369D}.DVD-5|Win32.ActiveCfg = Debug
		{39782497-EE5D-41E9-BDBC-1C19DD68369D}.DVD-5|x64.ActiveCfg = Debug
		{39782497-EE5D-41E9-BDBC-1C19DD68369D}.DVD-5|x86.ActiveCfg = Debug
		{39782497-EE5D-41E9-BDBC-1C19DD68369D}.Release|Any CPU.ActiveCfg = Release
		{39782497-EE5D-41E9-BDBC-1C19DD68369D}.Release|Mixed Platforms.ActiveCfg = Release
		{39782497-EE5D-41E9-BDBC-1C19DD68369D}.Release|Win32.ActiveCfg = Release
		{39782497-EE5D-41E9-BDBC-1C19DD68369D}.Release|x64.ActiveCfg = Release
		{39782497-EE5D-41E9-BDBC-1C19DD68369D}.Release|x86.ActiveCfg = Release
		{39782497-EE5D-41E9-BDBC-1C19DD68369D}.SingleImage|Any CPU.ActiveCfg = Release
		{39782497-EE5D-41E9-BDBC-1C19DD68369D}.SingleImage|Mixed Platforms.ActiveCfg = Release
		{39782497-EE5D-41E9-BDBC-1C19DD68369D}.SingleImage|Win32.ActiveCfg = Release
		{39782497-EE5D-41E9-BDBC-1C19DD68369D}.SingleImage|x64.ActiveCfg = Release
		{39782497-EE5D-41E9-BDBC-1C19DD68369D}.SingleImage|x86.ActiveCfg = Release
		{E4DB247F-D213-4CA3-84D3-89F858D88C4D}.CD_ROM|Any CPU.ActiveCfg = Release|Any CPU
		{E4DB247F-D213-4CA3-84D3-89F858D88C4D}.CD_ROM|Any CPU.Build.0 = Release|Any CPU
		{E4DB247F-D213-4CA3-84D3-89F858D88C4D}.CD_ROM|Mixed Platforms.ActiveCfg = Release|Any CPU
		{E4DB247F-D213-4CA3-84D3-89F858D88C4D}.CD_ROM|Mixed Platforms.Build.0 = Release|Any CPU
		{E4DB247F-D213-4CA3-84D3-89F858D88C4D}.CD_ROM|Win32.ActiveCfg = Release|Any CPU
		{E4DB247F-D213-4CA3-84D3-89F858D88C4D}.CD_ROM|x64.ActiveCfg = Release|Any CPU
		{E4DB247F-D213-4CA3-84D3-89F858D88C4D}.CD_ROM|x86.ActiveCfg = Release|Any CPU
		{E4DB247F-D213-4CA3-84D3-89F858D88C4D}.Debug|Any CPU.ActiveCfg = Debug|Any CPU
		{E4DB247F-D213-4CA3-84D3-89F858D88C4D}.Debug|Any CPU.Build.0 = Debug|Any CPU
		{E4DB247F-D213-4CA3-84D3-89F858D88C4D}.Debug|Mixed Platforms.ActiveCfg = Debug|Any CPU
		{E4DB247F-D213-4CA3-84D3-89F858D88C4D}.Debug|Mixed Platforms.Build.0 = Debug|Any CPU
		{E4DB247F-D213-4CA3-84D3-89F858D88C4D}.Debug|Win32.ActiveCfg = Debug|Any CPU
		{E4DB247F-D213-4CA3-84D3-89F858D88C4D}.Debug|x64.ActiveCfg = Debug|Any CPU
		{E4DB247F-D213-4CA3-84D3-89F858D88C4D}.Debug|x86.ActiveCfg = Debug|Any CPU
		{E4DB247F-D213-4CA3-84D3-89F858D88C4D}.DVD-5|Any CPU.ActiveCfg = Debug|Any CPU
		{E4DB247F-D213-4CA3-84D3-89F858D88C4D}.DVD-5|Any CPU.Build.0 = Debug|Any CPU
		{E4DB247F-D213-4CA3-84D3-89F858D88C4D}.DVD-5|Mixed Platforms.ActiveCfg = Debug|Any CPU
		{E4DB247F-D213-4CA3-84D3-89F858D88C4D}.DVD-5|Mixed Platforms.Build.0 = Debug|Any CPU
		{E4DB247F-D213-4CA3-84D3-89F858D88C4D}.DVD-5|Win32.ActiveCfg = Debug|Any CPU
		{E4DB247F-D213-4CA3-84D3-89F858D88C4D}.DVD-5|x64.ActiveCfg = Debug|Any CPU
		{E4DB247F-D213-4CA3-84D3-89F858D88C4D}.DVD-5|x86.ActiveCfg = Debug|Any CPU
		{E4DB247F-D213-4CA3-84D3-89F858D88C4D}.Release|Any CPU.ActiveCfg = Release|Any CPU
		{E4DB247F-D213-4CA3-84D3-89F858D88C4D}.Release|Any CPU.Build.0 = Release|Any CPU
		{E4DB247F-D213-4CA3-84D3-89F858D88C4D}.Release|Mixed Platforms.ActiveCfg = Release|Any CPU
		{E4DB247F-D213-4CA3-84D3-89F858D88C4D}.Release|Mixed Platforms.Build.0 = Release|Any CPU
		{E4DB247F-D213-4CA3-84D3-89F858D88C4D}.Release|Win32.ActiveCfg = Release|Any CPU
		{E4DB247F-D213-4CA3-84D3-89F858D88C4D}.Release|x64.ActiveCfg = Release|Any CPU
		{E4DB247F-D213-4CA3-84D3-89F858D88C4D}.Release|x86.ActiveCfg = Release|Any CPU
		{E4DB247F-D213-4CA3-84D3-89F858D88C4D}.SingleImage|Any CPU.ActiveCfg = Release|Any CPU
		{E4DB247F-D213-4CA3-84D3-89F858D88C4D}.SingleImage|Any CPU.Build.0 = Release|Any CPU
		{E4DB247F-D213-4CA3-84D3-89F858D88C4D}.SingleImage|Mixed Platforms.ActiveCfg = Release|Any CPU
		{E4DB247F-D213-4CA3-84D3-89F858D88C4D}.SingleImage|Mixed Platforms.Build.0 = Release|Any CPU
		{E4DB247F-D213-4CA3-84D3-89F858D88C4D}.SingleImage|Win32.ActiveCfg = Release|Any CPU
		{E4DB247F-D213-4CA3-84D3-89F858D88C4D}.SingleImage|x64.ActiveCfg = Release|Any CPU
		{E4DB247F-D213-4CA3-84D3-89F858D88C4D}.SingleImage|x86.ActiveCfg = Release|Any CPU
	EndGlobalSection
	GlobalSection(SolutionProperties) = preSolution
		HideSolutionNode = FALSE
	EndGlobalSection
EndGlobal
